
Microsoft Visual Studio Solution File, Format Version 12.00
# Visual Studio Version 17
VisualStudioVersion = 17.5.33627.172
MinimumVisualStudioVersion = 10.0.40219.1
Project("{FAE04EC0-301F-11D3-BF4B-00C04F79EFBC}") = "SistemaDePedidos", "SistemaDePedidos\SistemaDePedidos.csproj", "{ADEEE754-E5C8-4621-99B8-402B9E8808E7}"
EndProject
Global
	GlobalSection(SolutionConfigurationPlatforms) = preSolution
		Debug|Any CPU = Debug|Any CPU
		Release|Any CPU = Release|Any CPU
	EndGlobalSection
	GlobalSection(ProjectConfigurationPlatforms) = postSolution
		{ADEEE754-E5C8-4621-99B8-402B9E8808E7}.Debug|Any CPU.ActiveCfg = Debug|Any CPU
		{ADEEE754-E5C8-4621-99B8-402B9E8808E7}.Debug|Any CPU.Build.0 = Debug|Any CPU
		{ADEEE754-E5C8-4621-99B8-402B9E8808E7}.Release|Any CPU.ActiveCfg = Release|Any CPU
		{ADEEE754-E5C8-4621-99B8-402B9E8808E7}.Release|Any CPU.Build.0 = Release|Any CPU
	EndGlobalSection
	GlobalSection(SolutionProperties) = preSolution
		HideSolutionNode = FALSE
	EndGlobalSection
	GlobalSection(ExtensibilityGlobals) = postSolution
		SolutionGuid = {FB9C4996-FABF-4815-940D-F83E3A8D4218}
	EndGlobalSection
EndGlobal
